{
  "name": "peng-admin",
  "version": "0.0.0",
  "lockfileVersion": 2,
  "requires": true,
  "packages": {
    "": {
      "name": "peng-admin",
      "version": "0.0.0",
      "dependencies": {
        "vue": "^3.2.16",
        "vue-router": "^4.0.12",
        "vuex": "^4.0.2"
      },
      "devDependencies": {
        "@vitejs/plugin-vue": "^1.9.3",
        "vite": "^2.6.4"
      }
    },
    "node_modules/@babel/parser": {
      "version": "7.15.8",
      "resolved": "http://af.hikvision.com.cn:80/artifactory/api/npm/npm-down/@babel/parser/-/parser-7.15.8.tgz",
      "integrity": "sha1-e6zcvnG9w/+TbVEMFdzqfPC5kBY=",
      "license": "MIT",
      "bin": {
        "parser": "bin/babel-parser.js"
      },
      "engines": {
        "node": ">=6.0.0"
      }
    },
    "node_modules/@vitejs/plugin-vue": {
      "version": "1.9.3",
      "resolved": "http://af.hikvision.com.cn:80/artifactory/api/npm/npm-down/@vitejs/plugin-vue/-/plugin-vue-1.9.3.tgz",
      "integrity": "sha1-k9YYk85scj0CCa8Eg+yLkaLNgR8=",
      "dev": true,
      "license": "MIT",
      "engines": {
        "node": ">=12.0.0"
      },
      "peerDependencies": {
        "vite": "^2.5.10"
      }
    },
    "node_modules/@vue/compiler-core": {
      "version": "3.2.20",
      "resolved": "http://af.hikvision.com.cn:80/artifactory/api/npm/npm-down/@vue/compiler-core/-/compiler-core-3.2.20.tgz",
      "integrity": "sha1-r1o8UjeBiDWw0L6DfrWIWo0hwWA=",
      "license": "MIT",
      "dependencies": {
        "@babel/parser": "^7.15.0",
        "@vue/shared": "3.2.20",
        "estree-walker": "^2.0.2",
        "source-map": "^0.6.1"
      }
    },
    "node_modules/@vue/compiler-dom": {
      "version": "3.2.20",
      "resolved": "http://af.hikvision.com.cn:80/artifactory/api/npm/npm-down/@vue/compiler-dom/-/compiler-dom-3.2.20.tgz",
      "integrity": "sha1-jg7zVEScD69BUZsAv8IEXq4B3LU=",
      "license": "MIT",
      "dependencies": {
        "@vue/compiler-core": "3.2.20",
        "@vue/shared": "3.2.20"
      }
    },
    "node_modules/@vue/compiler-sfc": {
      "version": "3.2.20",
      "resolved": "http://af.hikvision.com.cn:80/artifactory/api/npm/npm-down/@vue/compiler-sfc/-/compiler-sfc-3.2.20.tgz",
      "integrity": "sha1-LXZo528GbFZt18CcFcmszk6Hbgo=",
      "license": "MIT",
      "dependencies": {
        "@babel/parser": "^7.15.0",
        "@vue/compiler-core": "3.2.20",
        "@vue/compiler-dom": "3.2.20",
        "@vue/compiler-ssr": "3.2.20",
        "@vue/ref-transform": "3.2.20",
        "@vue/shared": "3.2.20",
        "estree-walker": "^2.0.2",
        "magic-string": "^0.25.7",
        "postcss": "^8.1.10",
        "source-map": "^0.6.1"
      }
    },
    "node_modules/@vue/compiler-ssr": {
      "version": "3.2.20",
      "resolved": "http://af.hikvision.com.cn:80/artifactory/api/npm/npm-down/@vue/compiler-ssr/-/compiler-ssr-3.2.20.tgz",
      "integrity": "sha1-nM62Jh2ZMstVaCAmEMHCj4bF5SE=",
      "license": "MIT",
      "dependencies": {
        "@vue/compiler-dom": "3.2.20",
        "@vue/shared": "3.2.20"
      }
    },
    "node_modules/@vue/devtools-api": {
      "version": "6.0.0-beta.19",
      "resolved": "http://af.hikvision.com.cn:80/artifactory/api/npm/npm-down/@vue/devtools-api/-/devtools-api-6.0.0-beta.19.tgz",
      "integrity": "sha1-+OiAWdqkJFFZkkJqDH6lzeB+mb8=",
      "license": "MIT"
    },
    "node_modules/@vue/reactivity": {
      "version": "3.2.20",
      "resolved": "http://af.hikvision.com.cn:80/artifactory/api/npm/npm-down/@vue/reactivity/-/reactivity-3.2.20.tgz",
      "integrity": "sha1-gf4cNo5/ILwOwd7BBFu+4lNYLeg=",
      "license": "MIT",
      "dependencies": {
        "@vue/shared": "3.2.20"
      }
    },
    "node_modules/@vue/ref-transform": {
      "version": "3.2.20",
      "resolved": "http://af.hikvision.com.cn:80/artifactory/api/npm/npm-down/@vue/ref-transform/-/ref-transform-3.2.20.tgz",
      "integrity": "sha1-KlnskMr45cczZ3agkAv/CouBwJA=",
      "license": "MIT",
      "dependencies": {
        "@babel/parser": "^7.15.0",
        "@vue/compiler-core": "3.2.20",
        "@vue/shared": "3.2.20",
        "estree-walker": "^2.0.2",
        "magic-string": "^0.25.7"
      }
    },
    "node_modules/@vue/runtime-core": {
      "version": "3.2.20",
      "resolved": "http://af.hikvision.com.cn:80/artifactory/api/npm/npm-down/@vue/runtime-core/-/runtime-core-3.2.20.tgz",
      "integrity": "sha1-j2PpVqP4j7dyVBRDxFp3ASEQEss=",
      "license": "MIT",
      "dependencies": {
        "@vue/reactivity": "3.2.20",
        "@vue/shared": "3.2.20"
      }
    },
    "node_modules/@vue/runtime-dom": {
      "version": "3.2.20",
      "resolved": "http://af.hikvision.com.cn:80/artifactory/api/npm/npm-down/@vue/runtime-dom/-/runtime-dom-3.2.20.tgz",
      "integrity": "sha1-iqVq5sMPnNSnHKDp7DxL3GcUjRU=",
      "license": "MIT",
      "dependencies": {
        "@vue/runtime-core": "3.2.20",
        "@vue/shared": "3.2.20",
        "csstype": "^2.6.8"
      }
    },
    "node_modules/@vue/server-renderer": {
      "version": "3.2.20",
      "resolved": "http://af.hikvision.com.cn:80/artifactory/api/npm/npm-down/@vue/server-renderer/-/server-renderer-3.2.20.tgz",
      "integrity": "sha1-cF4HrpQlEysrYifTCKUaE/TU7IE=",
      "license": "MIT",
      "dependencies": {
        "@vue/compiler-ssr": "3.2.20",
        "@vue/shared": "3.2.20"
      },
      "peerDependencies": {
        "vue": "3.2.20"
      }
    },
    "node_modules/@vue/shared": {
      "version": "3.2.20",
      "resolved": "http://af.hikvision.com.cn:80/artifactory/api/npm/npm-down/@vue/shared/-/shared-3.2.20.tgz",
      "integrity": "sha1-U3RpYfcxqOpmbjMWJx6UQjjcMds=",
      "license": "MIT"
    },
    "node_modules/csstype": {
      "version": "2.6.18",
      "resolved": "http://af.hikvision.com.cn:80/artifactory/api/npm/npm-down/csstype/-/csstype-2.6.18.tgz",
      "integrity": "sha1-mAqLUwhfNK8xNBCvBk8r0kF4Qhg=",
      "license": "MIT"
    },
    "node_modules/esbuild": {
      "version": "0.13.9",
      "resolved": "http://af.hikvision.com.cn:80/artifactory/api/npm/npm-down/esbuild/-/esbuild-0.13.9.tgz",
      "integrity": "sha1-qvxLM3WsRDrnsiPCbE5Y0Q0tU1s=",
      "dev": true,
      "hasInstallScript": true,
      "license": "MIT",
      "bin": {
        "esbuild": "bin/esbuild"
      },
      "optionalDependencies": {
        "esbuild-android-arm64": "0.13.9",
        "esbuild-darwin-64": "0.13.9",
        "esbuild-darwin-arm64": "0.13.9",
        "esbuild-freebsd-64": "0.13.9",
        "esbuild-freebsd-arm64": "0.13.9",
        "esbuild-linux-32": "0.13.9",
        "esbuild-linux-64": "0.13.9",
        "esbuild-linux-arm": "0.13.9",
        "esbuild-linux-arm64": "0.13.9",
        "esbuild-linux-mips64le": "0.13.9",
        "esbuild-linux-ppc64le": "0.13.9",
        "esbuild-netbsd-64": "0.13.9",
        "esbuild-openbsd-64": "0.13.9",
        "esbuild-sunos-64": "0.13.9",
        "esbuild-windows-32": "0.13.9",
        "esbuild-windows-64": "0.13.9",
        "esbuild-windows-arm64": "0.13.9"
      }
    },
    "node_modules/esbuild-android-arm64": {
      "version": "0.13.9",
      "resolved": "http://af.hikvision.com.cn:80/artifactory/api/npm/npm-down/esbuild-android-arm64/-/esbuild-android-arm64-0.13.9.tgz",
      "integrity": "sha1-bMSgxiMzLAgwoxHd2CQrH0lv+UA=",
      "cpu": [
        "arm64"
      ],
      "dev": true,
      "license": "MIT",
      "optional": true,
      "os": [
        "android"
      ]
    },
    "node_modules/esbuild-darwin-64": {
      "version": "0.13.9",
      "resolved": "http://af.hikvision.com.cn:80/artifactory/api/npm/npm-down/esbuild-darwin-64/-/esbuild-darwin-64-0.13.9.tgz",
      "integrity": "sha1-30QpfCQ4AyzaKyFUioK7AH4hBcw=",
      "cpu": [
        "x64"
      ],
      "dev": true,
      "license": "MIT",
      "optional": true,
      "os": [
        "darwin"
      ]
    },
    "node_modules/esbuild-darwin-arm64": {
      "version": "0.13.9",
      "resolved": "http://af.hikvision.com.cn:80/artifactory/api/npm/npm-down/esbuild-darwin-arm64/-/esbuild-darwin-arm64-0.13.9.tgz",
      "integrity": "sha1-cE70BKajjtoZDUDtNU5/LByDkIE=",
      "cpu": [
        "arm64"
      ],
      "dev": true,
      "license": "MIT",
      "optional": true,
      "os": [
        "darwin"
      ]
    },
    "node_modules/esbuild-freebsd-64": {
      "version": "0.13.9",
      "resolved": "http://af.hikvision.com.cn:80/artifactory/api/npm/npm-down/esbuild-freebsd-64/-/esbuild-freebsd-64-0.13.9.tgz",
      "integrity": "sha1-+78iyZ4V8n0PihoEDXlhqG8NOk4=",
      "cpu": [
        "x64"
      ],
      "dev": true,
      "license": "MIT",
      "optional": true,
      "os": [
        "freebsd"
      ]
    },
    "node_modules/esbuild-freebsd-arm64": {
      "version": "0.13.9",
      "resolved": "http://af.hikvision.com.cn:80/artifactory/api/npm/npm-down/esbuild-freebsd-arm64/-/esbuild-freebsd-arm64-0.13.9.tgz",
      "integrity": "sha1-gJ//TENlPbvwcf/On4CgMLJ4CY4=",
      "cpu": [
        "arm64"
      ],
      "dev": true,
      "license": "MIT",
      "optional": true,
      "os": [
        "freebsd"
      ]
    },
    "node_modules/esbuild-linux-32": {
      "version": "0.13.9",
      "resolved": "http://af.hikvision.com.cn:80/artifactory/api/npm/npm-down/esbuild-linux-32/-/esbuild-linux-32-0.13.9.tgz",
      "integrity": "sha1-+f00I0geUWdOmBfV7qJWiYiaX1o=",
      "cpu": [
        "ia32"
      ],
      "dev": true,
      "license": "MIT",
      "optional": true,
      "os": [
        "linux"
      ]
    },
    "node_modules/esbuild-linux-64": {
      "version": "0.13.9",
      "resolved": "http://af.hikvision.com.cn:80/artifactory/api/npm/npm-down/esbuild-linux-64/-/esbuild-linux-64-0.13.9.tgz",
      "integrity": "sha1-nX9mhm2uGrr/fLw3SfKEfV+3L9U=",
      "cpu": [
        "x64"
      ],
      "dev": true,
      "license": "MIT",
      "optional": true,
      "os": [
        "linux"
      ]
    },
    "node_modules/esbuild-linux-arm": {
      "version": "0.13.9",
      "resolved": "http://af.hikvision.com.cn:80/artifactory/api/npm/npm-down/esbuild-linux-arm/-/esbuild-linux-arm-0.13.9.tgz",
      "integrity": "sha1-w861bsDj29GjqJ3KbLf8DKNgvMg=",
      "cpu": [
        "arm"
      ],
      "dev": true,
      "license": "MIT",
      "optional": true,
      "os": [
        "linux"
      ]
    },
    "node_modules/esbuild-linux-arm64": {
      "version": "0.13.9",
      "resolved": "http://af.hikvision.com.cn:80/artifactory/api/npm/npm-down/esbuild-linux-arm64/-/esbuild-linux-arm64-0.13.9.tgz",
      "integrity": "sha1-ZpIC5xuc7U0oW/0dad6UjgE6wo8=",
      "cpu": [
        "arm64"
      ],
      "dev": true,
      "license": "MIT",
      "optional": true,
      "os": [
        "linux"
      ]
    },
    "node_modules/esbuild-linux-mips64le": {
      "version": "0.13.9",
      "resolved": "http://af.hikvision.com.cn:80/artifactory/api/npm/npm-down/esbuild-linux-mips64le/-/esbuild-linux-mips64le-0.13.9.tgz",
      "integrity": "sha1-v0vTie4Utnxcd2aZUvLeayzIoAM=",
      "cpu": [
        "mips64el"
      ],
      "dev": true,
      "license": "MIT",
      "optional": true,
      "os": [
        "linux"
      ]
    },
    "node_modules/esbuild-linux-ppc64le": {
      "version": "0.13.9",
      "resolved": "http://af.hikvision.com.cn:80/artifactory/api/npm/npm-down/esbuild-linux-ppc64le/-/esbuild-linux-ppc64le-0.13.9.tgz",
      "integrity": "sha1-Rlt73HBXfaYGs7XUYwKCkrbYNK0=",
      "cpu": [
        "ppc64"
      ],
      "dev": true,
      "license": "MIT",
      "optional": true,
      "os": [
        "linux"
      ]
    },
    "node_modules/esbuild-netbsd-64": {
      "version": "0.13.9",
      "resolved": "http://af.hikvision.com.cn:80/artifactory/api/npm/npm-down/esbuild-netbsd-64/-/esbuild-netbsd-64-0.13.9.tgz",
      "integrity": "sha1-lPLavoNSAGbMHh+uPs/3hpWo67E=",
      "cpu": [
        "x64"
      ],
      "dev": true,
      "license": "MIT",
      "optional": true,
      "os": [
        "netbsd"
      ]
    },
    "node_modules/esbuild-openbsd-64": {
      "version": "0.13.9",
      "resolved": "http://af.hikvision.com.cn:80/artifactory/api/npm/npm-down/esbuild-openbsd-64/-/esbuild-openbsd-64-0.13.9.tgz",
      "integrity": "sha1-tH9qZByjc1iu7bK3xLtz3QaCxtU=",
      "cpu": [
        "x64"
      ],
      "dev": true,
      "license": "MIT",
      "optional": true,
      "os": [
        "openbsd"
      ]
    },
    "node_modules/esbuild-sunos-64": {
      "version": "0.13.9",
      "resolved": "http://af.hikvision.com.cn:80/artifactory/api/npm/npm-down/esbuild-sunos-64/-/esbuild-sunos-64-0.13.9.tgz",
      "integrity": "sha1-sN9KMWt8mOtJD0vQ2zgc8sORrnM=",
      "cpu": [
        "x64"
      ],
      "dev": true,
      "license": "MIT",
      "optional": true,
      "os": [
        "sunos"
      ]
    },
    "node_modules/esbuild-windows-32": {
      "version": "0.13.9",
      "resolved": "http://af.hikvision.com.cn:80/artifactory/api/npm/npm-down/esbuild-windows-32/-/esbuild-windows-32-0.13.9.tgz",
      "integrity": "sha1-4ilWPhNOY0+XSMyDFcaR4gEyWe8=",
      "cpu": [
        "ia32"
      ],
      "dev": true,
      "license": "MIT",
      "optional": true,
      "os": [
        "win32"
      ]
    },
    "node_modules/esbuild-windows-64": {
      "version": "0.13.9",
      "resolved": "http://af.hikvision.com.cn:80/artifactory/api/npm/npm-down/esbuild-windows-64/-/esbuild-windows-64-0.13.9.tgz",
      "integrity": "sha1-EDrT8T4aDkSTS5HzWOgd0gG4azQ=",
      "cpu": [
        "x64"
      ],
      "dev": true,
      "license": "MIT",
      "optional": true,
      "os": [
        "win32"
      ]
    },
    "node_modules/esbuild-windows-arm64": {
      "version": "0.13.9",
      "resolved": "http://af.hikvision.com.cn:80/artifactory/api/npm/npm-down/esbuild-windows-arm64/-/esbuild-windows-arm64-0.13.9.tgz",
      "integrity": "sha1-VFu1iEgAglizObGwD8/pLIW8clE=",
      "cpu": [
        "arm64"
      ],
      "dev": true,
      "license": "MIT",
      "optional": true,
      "os": [
        "win32"
      ]
    },
    "node_modules/estree-walker": {
      "version": "2.0.2",
      "resolved": "http://af.hikvision.com.cn:80/artifactory/api/npm/npm-down/estree-walker/-/estree-walker-2.0.2.tgz",
      "integrity": "sha1-UvAQF4wqTBF6d1fP6UKtt9LaTKw=",
      "license": "MIT"
    },
    "node_modules/fsevents": {
      "version": "2.3.2",
      "resolved": "http://af.hikvision.com.cn:80/artifactory/api/npm/npm-down/fsevents/-/fsevents-2.3.2.tgz",
      "integrity": "sha1-ilJveLj99GI7cJ4Ll1xSwkwC/Ro=",
      "dev": true,
      "hasInstallScript": true,
      "license": "MIT",
      "optional": true,
      "os": [
        "darwin"
      ],
      "engines": {
        "node": "^8.16.0 || ^10.6.0 || >=11.0.0"
      }
    },
    "node_modules/function-bind": {
      "version": "1.1.1",
      "resolved": "http://af.hikvision.com.cn:80/artifactory/api/npm/npm-down/function-bind/-/function-bind-1.1.1.tgz",
      "integrity": "sha1-pWiZ0+o8m6uHS7l3O3xe3pL0iV0=",
      "dev": true,
      "license": "MIT"
    },
    "node_modules/has": {
      "version": "1.0.3",
      "resolved": "http://af.hikvision.com.cn:80/artifactory/api/npm/npm-down/has/-/has-1.0.3.tgz",
      "integrity": "sha1-ci18v8H2qoJB8W3YFOAR4fQeh5Y=",
      "dev": true,
      "license": "MIT",
      "dependencies": {
        "function-bind": "^1.1.1"
      },
      "engines": {
        "node": ">= 0.4.0"
      }
    },
    "node_modules/is-core-module": {
      "version": "2.8.0",
      "resolved": "http://af.hikvision.com.cn:80/artifactory/api/npm/npm-down/is-core-module/-/is-core-module-2.8.0.tgz",
      "integrity": "sha1-AyEzbD0JJeSX/Zf12VyxFKXM1Ug=",
      "dev": true,
      "license": "MIT",
      "dependencies": {
        "has": "^1.0.3"
      },
      "funding": {
        "url": "https://github.com/sponsors/ljharb"
      }
    },
    "node_modules/magic-string": {
      "version": "0.25.7",
      "resolved": "http://af.hikvision.com.cn:80/artifactory/api/npm/npm-down/magic-string/-/magic-string-0.25.7.tgz",
      "integrity": "sha1-P0l9b9NMZpxnmNy4IfLvMfVEUFE=",
      "license": "MIT",
      "dependencies": {
        "sourcemap-codec": "^1.4.4"
      }
    },
    "node_modules/nanoid": {
      "version": "3.1.30",
      "resolved": "http://af.hikvision.com.cn:80/artifactory/api/npm/npm-down/nanoid/-/nanoid-3.1.30.tgz",
      "integrity": "sha1-Y/k8xUjSoRPcXfvGO/oJ4rm2Q2I=",
      "license": "MIT",
      "bin": {
        "nanoid": "bin/nanoid.cjs"
      },
      "engines": {
        "node": "^10 || ^12 || ^13.7 || ^14 || >=15.0.1"
      }
    },
    "node_modules/path-parse": {
      "version": "1.0.7",
      "resolved": "http://af.hikvision.com.cn:80/artifactory/api/npm/npm-down/path-parse/-/path-parse-1.0.7.tgz",
      "integrity": "sha1-+8EUtgykKzDZ2vWFjkvWi77bZzU=",
      "dev": true,
      "license": "MIT"
    },
    "node_modules/picocolors": {
      "version": "1.0.0",
      "resolved": "http://af.hikvision.com.cn:80/artifactory/api/npm/npm-down/picocolors/-/picocolors-1.0.0.tgz",
      "integrity": "sha1-y1vcdP8/UYkiNur3nWi8RFZKuBw=",
      "license": "ISC"
    },
    "node_modules/postcss": {
      "version": "8.3.11",
      "resolved": "http://af.hikvision.com.cn:80/artifactory/api/npm/npm-down/postcss/-/postcss-8.3.11.tgz",
      "integrity": "sha1-w77KfqgRzV4cSj7G0udZnvH4+Fg=",
      "license": "MIT",
      "dependencies": {
        "nanoid": "^3.1.30",
        "picocolors": "^1.0.0",
        "source-map-js": "^0.6.2"
      },
      "engines": {
        "node": "^10 || ^12 || >=14"
      },
      "funding": {
        "type": "opencollective",
        "url": "https://opencollective.com/postcss/"
      }
    },
    "node_modules/resolve": {
      "version": "1.20.0",
      "resolved": "http://af.hikvision.com.cn:80/artifactory/api/npm/npm-down/resolve/-/resolve-1.20.0.tgz",
      "integrity": "sha1-YpoBP7P3B1XW8LeTXMHCxTeLGXU=",
      "dev": true,
      "license": "MIT",
      "dependencies": {
        "is-core-module": "^2.2.0",
        "path-parse": "^1.0.6"
      },
      "funding": {
        "url": "https://github.com/sponsors/ljharb"
      }
    },
    "node_modules/rollup": {
      "version": "2.58.3",
      "resolved": "http://af.hikvision.com.cn:80/artifactory/api/npm/npm-down/rollup/-/rollup-2.58.3.tgz",
      "integrity": "sha1-caCBONlRX7ZQQ7ahhhiy7ZrI0jk=",
      "dev": true,
      "license": "MIT",
      "bin": {
        "rollup": "dist/bin/rollup"
      },
      "engines": {
        "node": ">=10.0.0"
      },
      "optionalDependencies": {
        "fsevents": "~2.3.2"
      }
    },
    "node_modules/source-map": {
      "version": "0.6.1",
      "resolved": "http://af.hikvision.com.cn:80/artifactory/api/npm/npm-down/source-map/-/source-map-0.6.1.tgz",
      "integrity": "sha1-dHIq8y6WFOnCh6jQu95IteLxomM=",
      "license": "BSD-3-Clause",
      "engines": {
        "node": ">=0.10.0"
      }
    },
    "node_modules/source-map-js": {
      "version": "0.6.2",
      "resolved": "http://af.hikvision.com.cn:80/artifactory/api/npm/npm-down/source-map-js/-/source-map-js-0.6.2.tgz",
      "integrity": "sha1-C7XeYxtBz72mz7qL0FqA79/SOF4=",
      "license": "BSD-3-Clause",
      "engines": {
        "node": ">=0.10.0"
      }
    },
    "node_modules/sourcemap-codec": {
      "version": "1.4.8",
      "resolved": "http://af.hikvision.com.cn:80/artifactory/api/npm/npm-down/sourcemap-codec/-/sourcemap-codec-1.4.8.tgz",
      "integrity": "sha1-6oBL2UhXQC5pktBaOO8a41qatMQ=",
      "license": "MIT"
    },
    "node_modules/vite": {
      "version": "2.6.12",
      "resolved": "http://af.hikvision.com.cn:80/artifactory/api/npm/npm-down/vite/-/vite-2.6.12.tgz",
      "integrity": "sha1-F9gZymdm9Zp2CaUKuKLSzcBfFSM=",
      "dev": true,
      "license": "MIT",
      "dependencies": {
        "esbuild": "^0.13.2",
        "postcss": "^8.3.8",
        "resolve": "^1.20.0",
        "rollup": "^2.57.0"
      },
      "bin": {
        "vite": "bin/vite.js"
      },
      "engines": {
        "node": ">=12.2.0"
      },
      "optionalDependencies": {
        "fsevents": "~2.3.2"
      },
      "peerDependencies": {
        "less": "*",
        "sass": "*",
        "stylus": "*"
      },
      "peerDependenciesMeta": {
        "less": {
          "optional": true
        },
        "sass": {
          "optional": true
        },
        "stylus": {
          "optional": true
        }
      }
    },
    "node_modules/vue": {
      "version": "3.2.20",
      "resolved": "http://af.hikvision.com.cn:80/artifactory/api/npm/npm-down/vue/-/vue-3.2.20.tgz",
      "integrity": "sha1-lA+KqL8+O+eCQ8pYK61B/NRa4+Y=",
      "license": "MIT",
      "dependencies": {
        "@vue/compiler-dom": "3.2.20",
        "@vue/compiler-sfc": "3.2.20",
        "@vue/runtime-dom": "3.2.20",
        "@vue/server-renderer": "3.2.20",
        "@vue/shared": "3.2.20"
      }
    },
    "node_modules/vue-router": {
      "version": "4.0.12",
      "resolved": "http://af.hikvision.com.cn:80/artifactory/api/npm/npm-down/vue-router/-/vue-router-4.0.12.tgz",
      "integrity": "sha1-jceSzd9bsavMOQj5BkE23n4TxGA=",
      "license": "MIT",
      "dependencies": {
        "@vue/devtools-api": "^6.0.0-beta.18"
      },
      "peerDependencies": {
        "vue": "^3.0.0"
      }
    },
    "node_modules/vuex": {
      "version": "4.0.2",
      "resolved": "http://af.hikvision.com.cn:80/artifactory/api/npm/npm-down/vuex/-/vuex-4.0.2.tgz",
      "integrity": "sha1-+Jbb1b8qDpY/AMZ+m2EN50nMrMk=",
      "license": "MIT",
      "dependencies": {
        "@vue/devtools-api": "^6.0.0-beta.11"
      },
      "peerDependencies": {
        "vue": "^3.0.2"
      }
    }
  },
  "dependencies": {
    "@babel/parser": {
      "version": "7.15.8",
      "resolved": "http://af.hikvision.com.cn:80/artifactory/api/npm/npm-down/@babel/parser/-/parser-7.15.8.tgz",
      "integrity": "sha1-e6zcvnG9w/+TbVEMFdzqfPC5kBY="
    },
    "@vitejs/plugin-vue": {
      "version": "1.9.3",
      "resolved": "http://af.hikvision.com.cn:80/artifactory/api/npm/npm-down/@vitejs/plugin-vue/-/plugin-vue-1.9.3.tgz",
      "integrity": "sha1-k9YYk85scj0CCa8Eg+yLkaLNgR8=",
      "dev": true,
      "requires": {}
    },
    "@vue/compiler-core": {
      "version": "3.2.20",
      "resolved": "http://af.hikvision.com.cn:80/artifactory/api/npm/npm-down/@vue/compiler-core/-/compiler-core-3.2.20.tgz",
      "integrity": "sha1-r1o8UjeBiDWw0L6DfrWIWo0hwWA=",
      "requires": {
        "@babel/parser": "^7.15.0",
        "@vue/shared": "3.2.20",
        "estree-walker": "^2.0.2",
        "source-map": "^0.6.1"
      }
    },
    "@vue/compiler-dom": {
      "version": "3.2.20",
      "resolved": "http://af.hikvision.com.cn:80/artifactory/api/npm/npm-down/@vue/compiler-dom/-/compiler-dom-3.2.20.tgz",
      "integrity": "sha1-jg7zVEScD69BUZsAv8IEXq4B3LU=",
      "requires": {
        "@vue/compiler-core": "3.2.20",
        "@vue/shared": "3.2.20"
      }
    },
    "@vue/compiler-sfc": {
      "version": "3.2.20",
      "resolved": "http://af.hikvision.com.cn:80/artifactory/api/npm/npm-down/@vue/compiler-sfc/-/compiler-sfc-3.2.20.tgz",
      "integrity": "sha1-LXZo528GbFZt18CcFcmszk6Hbgo=",
      "requires": {
        "@babel/parser": "^7.15.0",
        "@vue/compiler-core": "3.2.20",
        "@vue/compiler-dom": "3.2.20",
        "@vue/compiler-ssr": "3.2.20",
        "@vue/ref-transform": "3.2.20",
        "@vue/shared": "3.2.20",
        "estree-walker": "^2.0.2",
        "magic-string": "^0.25.7",
        "postcss": "^8.1.10",
        "source-map": "^0.6.1"
      }
    },
    "@vue/compiler-ssr": {
      "version": "3.2.20",
      "resolved": "http://af.hikvision.com.cn:80/artifactory/api/npm/npm-down/@vue/compiler-ssr/-/compiler-ssr-3.2.20.tgz",
      "integrity": "sha1-nM62Jh2ZMstVaCAmEMHCj4bF5SE=",
      "requires": {
        "@vue/compiler-dom": "3.2.20",
        "@vue/shared": "3.2.20"
      }
    },
    "@vue/devtools-api": {
      "version": "6.0.0-beta.19",
      "resolved": "http://af.hikvision.com.cn:80/artifactory/api/npm/npm-down/@vue/devtools-api/-/devtools-api-6.0.0-beta.19.tgz",
      "integrity": "sha1-+OiAWdqkJFFZkkJqDH6lzeB+mb8="
    },
    "@vue/reactivity": {
      "version": "3.2.20",
      "resolved": "http://af.hikvision.com.cn:80/artifactory/api/npm/npm-down/@vue/reactivity/-/reactivity-3.2.20.tgz",
      "integrity": "sha1-gf4cNo5/ILwOwd7BBFu+4lNYLeg=",
      "requires": {
        "@vue/shared": "3.2.20"
      }
    },
    "@vue/ref-transform": {
      "version": "3.2.20",
      "resolved": "http://af.hikvision.com.cn:80/artifactory/api/npm/npm-down/@vue/ref-transform/-/ref-transform-3.2.20.tgz",
      "integrity": "sha1-KlnskMr45cczZ3agkAv/CouBwJA=",
      "requires": {
        "@babel/parser": "^7.15.0",
        "@vue/compiler-core": "3.2.20",
        "@vue/shared": "3.2.20",
        "estree-walker": "^2.0.2",
        "magic-string": "^0.25.7"
      }
    },
    "@vue/runtime-core": {
      "version": "3.2.20",
      "resolved": "http://af.hikvision.com.cn:80/artifactory/api/npm/npm-down/@vue/runtime-core/-/runtime-core-3.2.20.tgz",
      "integrity": "sha1-j2PpVqP4j7dyVBRDxFp3ASEQEss=",
      "requires": {
        "@vue/reactivity": "3.2.20",
        "@vue/shared": "3.2.20"
      }
    },
    "@vue/runtime-dom": {
      "version": "3.2.20",
      "resolved": "http://af.hikvision.com.cn:80/artifactory/api/npm/npm-down/@vue/runtime-dom/-/runtime-dom-3.2.20.tgz",
      "integrity": "sha1-iqVq5sMPnNSnHKDp7DxL3GcUjRU=",
      "requires": {
        "@vue/runtime-core": "3.2.20",
        "@vue/shared": "3.2.20",
        "csstype": "^2.6.8"
      }
    },
    "@vue/server-renderer": {
      "version": "3.2.20",
      "resolved": "http://af.hikvision.com.cn:80/artifactory/api/npm/npm-down/@vue/server-renderer/-/server-renderer-3.2.20.tgz",
      "integrity": "sha1-cF4HrpQlEysrYifTCKUaE/TU7IE=",
      "requires": {
        "@vue/compiler-ssr": "3.2.20",
        "@vue/shared": "3.2.20"
      }
    },
    "@vue/shared": {
      "version": "3.2.20",
      "resolved": "http://af.hikvision.com.cn:80/artifactory/api/npm/npm-down/@vue/shared/-/shared-3.2.20.tgz",
      "integrity": "sha1-U3RpYfcxqOpmbjMWJx6UQjjcMds="
    },
    "csstype": {
      "version": "2.6.18",
      "resolved": "http://af.hikvision.com.cn:80/artifactory/api/npm/npm-down/csstype/-/csstype-2.6.18.tgz",
      "integrity": "sha1-mAqLUwhfNK8xNBCvBk8r0kF4Qhg="
    },
    "esbuild": {
      "version": "0.13.9",
      "resolved": "http://af.hikvision.com.cn:80/artifactory/api/npm/npm-down/esbuild/-/esbuild-0.13.9.tgz",
      "integrity": "sha1-qvxLM3WsRDrnsiPCbE5Y0Q0tU1s=",
      "dev": true,
      "requires": {
        "esbuild-android-arm64": "0.13.9",
        "esbuild-darwin-64": "0.13.9",
        "esbuild-darwin-arm64": "0.13.9",
        "esbuild-freebsd-64": "0.13.9",
        "esbuild-freebsd-arm64": "0.13.9",
        "esbuild-linux-32": "0.13.9",
        "esbuild-linux-64": "0.13.9",
        "esbuild-linux-arm": "0.13.9",
        "esbuild-linux-arm64": "0.13.9",
        "esbuild-linux-mips64le": "0.13.9",
        "esbuild-linux-ppc64le": "0.13.9",
        "esbuild-netbsd-64": "0.13.9",
        "esbuild-openbsd-64": "0.13.9",
        "esbuild-sunos-64": "0.13.9",
        "esbuild-windows-32": "0.13.9",
        "esbuild-windows-64": "0.13.9",
        "esbuild-windows-arm64": "0.13.9"
      }
    },
    "esbuild-android-arm64": {
      "version": "0.13.9",
      "resolved": "http://af.hikvision.com.cn:80/artifactory/api/npm/npm-down/esbuild-android-arm64/-/esbuild-android-arm64-0.13.9.tgz",
      "integrity": "sha1-bMSgxiMzLAgwoxHd2CQrH0lv+UA=",
      "dev": true,
      "optional": true
    },
    "esbuild-darwin-64": {
      "version": "0.13.9",
      "resolved": "http://af.hikvision.com.cn:80/artifactory/api/npm/npm-down/esbuild-darwin-64/-/esbuild-darwin-64-0.13.9.tgz",
      "integrity": "sha1-30QpfCQ4AyzaKyFUioK7AH4hBcw=",
      "dev": true,
      "optional": true
    },
    "esbuild-darwin-arm64": {
      "version": "0.13.9",
      "resolved": "http://af.hikvision.com.cn:80/artifactory/api/npm/npm-down/esbuild-darwin-arm64/-/esbuild-darwin-arm64-0.13.9.tgz",
      "integrity": "sha1-cE70BKajjtoZDUDtNU5/LByDkIE=",
      "dev": true,
      "optional": true
    },
    "esbuild-freebsd-64": {
      "version": "0.13.9",
      "resolved": "http://af.hikvision.com.cn:80/artifactory/api/npm/npm-down/esbuild-freebsd-64/-/esbuild-freebsd-64-0.13.9.tgz",
      "integrity": "sha1-+78iyZ4V8n0PihoEDXlhqG8NOk4=",
      "dev": true,
      "optional": true
    },
    "esbuild-freebsd-arm64": {
      "version": "0.13.9",
      "resolved": "http://af.hikvision.com.cn:80/artifactory/api/npm/npm-down/esbuild-freebsd-arm64/-/esbuild-freebsd-arm64-0.13.9.tgz",
      "integrity": "sha1-gJ//TENlPbvwcf/On4CgMLJ4CY4=",
      "dev": true,
      "optional": true
    },
    "esbuild-linux-32": {
      "version": "0.13.9",
      "resolved": "http://af.hikvision.com.cn:80/artifactory/api/npm/npm-down/esbuild-linux-32/-/esbuild-linux-32-0.13.9.tgz",
      "integrity": "sha1-+f00I0geUWdOmBfV7qJWiYiaX1o=",
      "dev": true,
      "optional": true
    },
    "esbuild-linux-64": {
      "version": "0.13.9",
      "resolved": "http://af.hikvision.com.cn:80/artifactory/api/npm/npm-down/esbuild-linux-64/-/esbuild-linux-64-0.13.9.tgz",
      "integrity": "sha1-nX9mhm2uGrr/fLw3SfKEfV+3L9U=",
      "dev": true,
      "optional": true
    },
    "esbuild-linux-arm": {
      "version": "0.13.9",
      "resolved": "http://af.hikvision.com.cn:80/artifactory/api/npm/npm-down/esbuild-linux-arm/-/esbuild-linux-arm-0.13.9.tgz",
      "integrity": "sha1-w861bsDj29GjqJ3KbLf8DKNgvMg=",
      "dev": true,
      "optional": true
    },
    "esbuild-linux-arm64": {
      "version": "0.13.9",
      "resolved": "http://af.hikvision.com.cn:80/artifactory/api/npm/npm-down/esbuild-linux-arm64/-/esbuild-linux-arm64-0.13.9.tgz",
      "integrity": "sha1-ZpIC5xuc7U0oW/0dad6UjgE6wo8=",
      "dev": true,
      "optional": true
    },
    "esbuild-linux-mips64le": {
      "version": "0.13.9",
      "resolved": "http://af.hikvision.com.cn:80/artifactory/api/npm/npm-down/esbuild-linux-mips64le/-/esbuild-linux-mips64le-0.13.9.tgz",
      "integrity": "sha1-v0vTie4Utnxcd2aZUvLeayzIoAM=",
      "dev": true,
      "optional": true
    },
    "esbuild-linux-ppc64le": {
      "version": "0.13.9",
      "resolved": "http://af.hikvision.com.cn:80/artifactory/api/npm/npm-down/esbuild-linux-ppc64le/-/esbuild-linux-ppc64le-0.13.9.tgz",
      "integrity": "sha1-Rlt73HBXfaYGs7XUYwKCkrbYNK0=",
      "dev": true,
      "optional": true
    },
    "esbuild-netbsd-64": {
      "version": "0.13.9",
      "resolved": "http://af.hikvision.com.cn:80/artifactory/api/npm/npm-down/esbuild-netbsd-64/-/esbuild-netbsd-64-0.13.9.tgz",
      "integrity": "sha1-lPLavoNSAGbMHh+uPs/3hpWo67E=",
      "dev": true,
      "optional": true
    },
    "esbuild-openbsd-64": {
      "version": "0.13.9",
      "resolved": "http://af.hikvision.com.cn:80/artifactory/api/npm/npm-down/esbuild-openbsd-64/-/esbuild-openbsd-64-0.13.9.tgz",
      "integrity": "sha1-tH9qZByjc1iu7bK3xLtz3QaCxtU=",
      "dev": true,
      "optional": true
    },
    "esbuild-sunos-64": {
      "version": "0.13.9",
      "resolved": "http://af.hikvision.com.cn:80/artifactory/api/npm/npm-down/esbuild-sunos-64/-/esbuild-sunos-64-0.13.9.tgz",
      "integrity": "sha1-sN9KMWt8mOtJD0vQ2zgc8sORrnM=",
      "dev": true,
      "optional": true
    },
    "esbuild-windows-32": {
      "version": "0.13.9",
      "resolved": "http://af.hikvision.com.cn:80/artifactory/api/npm/npm-down/esbuild-windows-32/-/esbuild-windows-32-0.13.9.tgz",
      "integrity": "sha1-4ilWPhNOY0+XSMyDFcaR4gEyWe8=",
      "dev": true,
      "optional": true
    },
    "esbuild-windows-64": {
      "version": "0.13.9",
      "resolved": "http://af.hikvision.com.cn:80/artifactory/api/npm/npm-down/esbuild-windows-64/-/esbuild-windows-64-0.13.9.tgz",
      "integrity": "sha1-EDrT8T4aDkSTS5HzWOgd0gG4azQ=",
      "dev": true,
      "optional": true
    },
    "esbuild-windows-arm64": {
      "version": "0.13.9",
      "resolved": "http://af.hikvision.com.cn:80/artifactory/api/npm/npm-down/esbuild-windows-arm64/-/esbuild-windows-arm64-0.13.9.tgz",
      "integrity": "sha1-VFu1iEgAglizObGwD8/pLIW8clE=",
      "dev": true,
      "optional": true
    },
    "estree-walker": {
      "version": "2.0.2",
      "resolved": "http://af.hikvision.com.cn:80/artifactory/api/npm/npm-down/estree-walker/-/estree-walker-2.0.2.tgz",
      "integrity": "sha1-UvAQF4wqTBF6d1fP6UKtt9LaTKw="
    },
    "fsevents": {
      "version": "2.3.2",
      "resolved": "http://af.hikvision.com.cn:80/artifactory/api/npm/npm-down/fsevents/-/fsevents-2.3.2.tgz",
      "integrity": "sha1-ilJveLj99GI7cJ4Ll1xSwkwC/Ro=",
      "dev": true,
      "optional": true
    },
    "function-bind": {
      "version": "1.1.1",
      "resolved": "http://af.hikvision.com.cn:80/artifactory/api/npm/npm-down/function-bind/-/function-bind-1.1.1.tgz",
      "integrity": "sha1-pWiZ0+o8m6uHS7l3O3xe3pL0iV0=",
      "dev": true
    },
    "has": {
      "version": "1.0.3",
      "resolved": "http://af.hikvision.com.cn:80/artifactory/api/npm/npm-down/has/-/has-1.0.3.tgz",
      "integrity": "sha1-ci18v8H2qoJB8W3YFOAR4fQeh5Y=",
      "dev": true,
      "requires": {
        "function-bind": "^1.1.1"
      }
    },
    "is-core-module": {
      "version": "2.8.0",
      "resolved": "http://af.hikvision.com.cn:80/artifactory/api/npm/npm-down/is-core-module/-/is-core-module-2.8.0.tgz",
      "integrity": "sha1-AyEzbD0JJeSX/Zf12VyxFKXM1Ug=",
      "dev": true,
      "requires": {
        "has": "^1.0.3"
      }
    },
    "magic-string": {
      "version": "0.25.7",
      "resolved": "http://af.hikvision.com.cn:80/artifactory/api/npm/npm-down/magic-string/-/magic-string-0.25.7.tgz",
      "integrity": "sha1-P0l9b9NMZpxnmNy4IfLvMfVEUFE=",
      "requires": {
        "sourcemap-codec": "^1.4.4"
      }
    },
    "nanoid": {
      "version": "3.1.30",
      "resolved": "http://af.hikvision.com.cn:80/artifactory/api/npm/npm-down/nanoid/-/nanoid-3.1.30.tgz",
      "integrity": "sha1-Y/k8xUjSoRPcXfvGO/oJ4rm2Q2I="
    },
    "path-parse": {
      "version": "1.0.7",
      "resolved": "http://af.hikvision.com.cn:80/artifactory/api/npm/npm-down/path-parse/-/path-parse-1.0.7.tgz",
      "integrity": "sha1-+8EUtgykKzDZ2vWFjkvWi77bZzU=",
      "dev": true
    },
    "picocolors": {
      "version": "1.0.0",
      "resolved": "http://af.hikvision.com.cn:80/artifactory/api/npm/npm-down/picocolors/-/picocolors-1.0.0.tgz",
      "integrity": "sha1-y1vcdP8/UYkiNur3nWi8RFZKuBw="
    },
    "postcss": {
      "version": "8.3.11",
      "resolved": "http://af.hikvision.com.cn:80/artifactory/api/npm/npm-down/postcss/-/postcss-8.3.11.tgz",
      "integrity": "sha1-w77KfqgRzV4cSj7G0udZnvH4+Fg=",
      "requires": {
        "nanoid": "^3.1.30",
        "picocolors": "^1.0.0",
        "source-map-js": "^0.6.2"
      }
    },
    "resolve": {
      "version": "1.20.0",
      "resolved": "http://af.hikvision.com.cn:80/artifactory/api/npm/npm-down/resolve/-/resolve-1.20.0.tgz",
      "integrity": "sha1-YpoBP7P3B1XW8LeTXMHCxTeLGXU=",
      "dev": true,
      "requires": {
        "is-core-module": "^2.2.0",
        "path-parse": "^1.0.6"
      }
    },
    "rollup": {
      "version": "2.58.3",
      "resolved": "http://af.hikvision.com.cn:80/artifactory/api/npm/npm-down/rollup/-/rollup-2.58.3.tgz",
      "integrity": "sha1-caCBONlRX7ZQQ7ahhhiy7ZrI0jk=",
      "dev": true,
      "requires": {
        "fsevents": "~2.3.2"
      }
    },
    "source-map": {
      "version": "0.6.1",
      "resolved": "http://af.hikvision.com.cn:80/artifactory/api/npm/npm-down/source-map/-/source-map-0.6.1.tgz",
      "integrity": "sha1-dHIq8y6WFOnCh6jQu95IteLxomM="
    },
    "source-map-js": {
      "version": "0.6.2",
      "resolved": "http://af.hikvision.com.cn:80/artifactory/api/npm/npm-down/source-map-js/-/source-map-js-0.6.2.tgz",
      "integrity": "sha1-C7XeYxtBz72mz7qL0FqA79/SOF4="
    },
    "sourcemap-codec": {
      "version": "1.4.8",
      "resolved": "http://af.hikvision.com.cn:80/artifactory/api/npm/npm-down/sourcemap-codec/-/sourcemap-codec-1.4.8.tgz",
      "integrity": "sha1-6oBL2UhXQC5pktBaOO8a41qatMQ="
    },
    "vite": {
      "version": "2.6.12",
      "resolved": "http://af.hikvision.com.cn:80/artifactory/api/npm/npm-down/vite/-/vite-2.6.12.tgz",
      "integrity": "sha1-F9gZymdm9Zp2CaUKuKLSzcBfFSM=",
      "dev": true,
      "requires": {
        "esbuild": "^0.13.2",
        "fsevents": "~2.3.2",
        "postcss": "^8.3.8",
        "resolve": "^1.20.0",
        "rollup": "^2.57.0"
      }
    },
    "vue": {
      "version": "3.2.20",
      "resolved": "http://af.hikvision.com.cn:80/artifactory/api/npm/npm-down/vue/-/vue-3.2.20.tgz",
      "integrity": "sha1-lA+KqL8+O+eCQ8pYK61B/NRa4+Y=",
      "requires": {
        "@vue/compiler-dom": "3.2.20",
        "@vue/compiler-sfc": "3.2.20",
        "@vue/runtime-dom": "3.2.20",
        "@vue/server-renderer": "3.2.20",
        "@vue/shared": "3.2.20"
      }
    },
    "vue-router": {
      "version": "4.0.12",
      "resolved": "http://af.hikvision.com.cn:80/artifactory/api/npm/npm-down/vue-router/-/vue-router-4.0.12.tgz",
      "integrity": "sha1-jceSzd9bsavMOQj5BkE23n4TxGA=",
      "requires": {
        "@vue/devtools-api": "^6.0.0-beta.18"
      }
    },
    "vuex": {
      "version": "4.0.2",
      "resolved": "http://af.hikvision.com.cn:80/artifactory/api/npm/npm-down/vuex/-/vuex-4.0.2.tgz",
      "integrity": "sha1-+Jbb1b8qDpY/AMZ+m2EN50nMrMk=",
      "requires": {
        "@vue/devtools-api": "^6.0.0-beta.11"
      }
    }
  }
}
